
Microsoft Visual Studio Solution File, Format Version 12.00
# Visual Studio Version 17
VisualStudioVersion = 17.14.37012.4 d17.14
MinimumVisualStudioVersion = 10.0.40219.1
Project("{FAE04EC0-301F-11D3-BF4B-00C04F79EFBC}") = "BFS_ListaAd", "BFS_ListaAd\BFS_ListaAd.csproj", "{9C4AFB3B-80BD-4628-9BB5-A6EDE9061DDE}"
EndProject
Global
	GlobalSection(SolutionConfigurationPlatforms) = preSolution
		Debug|Any CPU = Debug|Any CPU
		Release|Any CPU = Release|Any CPU
	EndGlobalSection
	GlobalSection(ProjectConfigurationPlatforms) = postSolution
		{9C4AFB3B-80BD-4628-9BB5-A6EDE9061DDE}.Debug|Any CPU.ActiveCfg = Debug|Any CPU
		{9C4AFB3B-80BD-4628-9BB5-A6EDE9061DDE}.Debug|Any CPU.Build.0 = Debug|Any CPU
		{9C4AFB3B-80BD-4628-9BB5-A6EDE9061DDE}.Release|Any CPU.ActiveCfg = Release|Any CPU
		{9C4AFB3B-80BD-4628-9BB5-A6EDE9061DDE}.Release|Any CPU.Build.0 = Release|Any CPU
	EndGlobalSection
	GlobalSection(SolutionProperties) = preSolution
		HideSolutionNode = FALSE
	EndGlobalSection
	GlobalSection(ExtensibilityGlobals) = postSolution
		SolutionGuid = {297E69AB-A8DC-435B-9B75-E75FA7642CB3}
	EndGlobalSection
EndGlobal
